
Microsoft Visual Studio Solution File, Format Version 12.00
# Visual Studio Version 17
VisualStudioVersion = 17.0.31912.275
MinimumVisualStudioVersion = 10.0.40219.1
Project("{9A19103F-16F7-4668-BE54-9A1E7A4F7556}") = "AvaloniaExtensionGenerator", "AvaloniaExtensionGenerator\AvaloniaExtensionGenerator.csproj", "{9B0DE673-53C2-4B07-8455-A369113C4EF4}"
EndProject
Project("{FAE04EC0-301F-11D3-BF4B-00C04F79EFBC}") = "UwpExtensionGenerator", "UwpExtensionGenerator\UwpExtensionGenerator.csproj", "{A2DE3385-6EC6-4172-ACFF-6B64DAF34FCB}"
EndProject
Global
	GlobalSection(SolutionConfigurationPlatforms) = preSolution
		Debug|Any CPU = Debug|Any CPU
		Debug|ARM = Debug|ARM
		Debug|ARM64 = Debug|ARM64
		Debug|x64 = Debug|x64
		Debug|x86 = Debug|x86
		Release|Any CPU = Release|Any CPU
		Release|ARM = Release|ARM
		Release|ARM64 = Release|ARM64
		Release|x64 = Release|x64
		Release|x86 = Release|x86
	EndGlobalSection
	GlobalSection(ProjectConfigurationPlatforms) = postSolution
		{9B0DE673-53C2-4B07-8455-A369113C4EF4}.Debug|Any CPU.ActiveCfg = Debug|Any CPU
		{9B0DE673-53C2-4B07-8455-A369113C4EF4}.Debug|Any CPU.Build.0 = Debug|Any CPU
		{9B0DE673-53C2-4B07-8455-A369113C4EF4}.Debug|ARM.ActiveCfg = Debug|Any CPU
		{9B0DE673-53C2-4B07-8455-A369113C4EF4}.Debug|ARM.Build.0 = Debug|Any CPU
		{9B0DE673-53C2-4B07-8455-A369113C4EF4}.Debug|ARM64.ActiveCfg = Debug|Any CPU
		{9B0DE673-53C2-4B07-8455-A369113C4EF4}.Debug|ARM64.Build.0 = Debug|Any CPU
		{9B0DE673-53C2-4B07-8455-A369113C4EF4}.Debug|x64.ActiveCfg = Debug|Any CPU
		{9B0DE673-53C2-4B07-8455-A369113C4EF4}.Debug|x64.Build.0 = Debug|Any CPU
		{9B0DE673-53C2-4B07-8455-A369113C4EF4}.Debug|x86.ActiveCfg = Debug|Any CPU
		{9B0DE673-53C2-4B07-8455-A369113C4EF4}.Debug|x86.Build.0 = Debug|Any CPU
		{9B0DE673-53C2-4B07-8455-A369113C4EF4}.Release|Any CPU.ActiveCfg = Release|Any CPU
		{9B0DE673-53C2-4B07-8455-A369113C4EF4}.Release|Any CPU.Build.0 = Release|Any CPU
		{9B0DE673-53C2-4B07-8455-A369113C4EF4}.Release|ARM.ActiveCfg = Release|Any CPU
		{9B0DE673-53C2-4B07-8455-A369113C4EF4}.Release|ARM.Build.0 = Release|Any CPU
		{9B0DE673-53C2-4B07-8455-A369113C4EF4}.Release|ARM64.ActiveCfg = Release|Any CPU
		{9B0DE673-53C2-4B07-8455-A369113C4EF4}.Release|ARM64.Build.0 = Release|Any CPU
		{9B0DE673-53C2-4B07-8455-A369113C4EF4}.Release|x64.ActiveCfg = Release|Any CPU
		{9B0DE673-53C2-4B07-8455-A369113C4EF4}.Release|x64.Build.0 = Release|Any CPU
		{9B0DE673-53C2-4B07-8455-A369113C4EF4}.Release|x86.ActiveCfg = Release|Any CPU
		{9B0DE673-53C2-4B07-8455-A369113C4EF4}.Release|x86.Build.0 = Release|Any CPU
		{A2DE3385-6EC6-4172-ACFF-6B64DAF34FCB}.Debug|Any CPU.ActiveCfg = Debug|x64
		{A2DE3385-6EC6-4172-ACFF-6B64DAF34FCB}.Debug|Any CPU.Build.0 = Debug|x64
		{A2DE3385-6EC6-4172-ACFF-6B64DAF34FCB}.Debug|Any CPU.Deploy.0 = Debug|x64
		{A2DE3385-6EC6-4172-ACFF-6B64DAF34FCB}.Debug|ARM.ActiveCfg = Debug|ARM
		{A2DE3385-6EC6-4172-ACFF-6B64DAF34FCB}.Debug|ARM.Build.0 = Debug|ARM
		{A2DE3385-6EC6-4172-ACFF-6B64DAF34FCB}.Debug|ARM.Deploy.0 = Debug|ARM
		{A2DE3385-6EC6-4172-ACFF-6B64DAF34FCB}.Debug|ARM64.ActiveCfg = Debug|ARM64
		{A2DE3385-6EC6-4172-ACFF-6B64DAF34FCB}.Debug|ARM64.Build.0 = Debug|ARM64
		{A2DE3385-6EC6-4172-ACFF-6B64DAF34FCB}.Debug|ARM64.Deploy.0 = Debug|ARM64
		{A2DE3385-6EC6-4172-ACFF-6B64DAF34FCB}.Debug|x64.ActiveCfg = Debug|x64
		{A2DE3385-6EC6-4172-ACFF-6B64DAF34FCB}.Debug|x64.Build.0 = Debug|x64
		{A2DE3385-6EC6-4172-ACFF-6B64DAF34FCB}.Debug|x64.Deploy.0 = Debug|x64
		{A2DE3385-6EC6-4172-ACFF-6B64DAF34FCB}.Debug|x86.ActiveCfg = Debug|x86
		{A2DE3385-6EC6-4172-ACFF-6B64DAF34FCB}.Debug|x86.Build.0 = Debug|x86
		{A2DE3385-6EC6-4172-ACFF-6B64DAF34FCB}.Debug|x86.Deploy.0 = Debug|x86
		{A2DE3385-6EC6-4172-ACFF-6B64DAF34FCB}.Release|Any CPU.ActiveCfg = Release|x64
		{A2DE3385-6EC6-4172-ACFF-6B64DAF34FCB}.Release|Any CPU.Build.0 = Release|x64
		{A2DE3385-6EC6-4172-ACFF-6B64DAF34FCB}.Release|Any CPU.Deploy.0 = Release|x64
		{A2DE3385-6EC6-4172-ACFF-6B64DAF34FCB}.Release|ARM.ActiveCfg = Release|ARM
		{A2DE3385-6EC6-4172-ACFF-6B64DAF34FCB}.Release|ARM.Build.0 = Release|ARM
		{A2DE3385-6EC6-4172-ACFF-6B64DAF34FCB}.Release|ARM.Deploy.0 = Release|ARM
		{A2DE3385-6EC6-4172-ACFF-6B64DAF34FCB}.Release|ARM64.ActiveCfg = Release|ARM64
		{A2DE3385-6EC6-4172-ACFF-6B64DAF34FCB}.Release|ARM64.Build.0 = Release|ARM64
		{A2DE3385-6EC6-4172-ACFF-6B64DAF34FCB}.Release|ARM64.Deploy.0 = Release|ARM64
		{A2DE3385-6EC6-4172-ACFF-6B64DAF34FCB}.Release|x64.ActiveCfg = Release|x64
		{A2DE3385-6EC6-4172-ACFF-6B64DAF34FCB}.Release|x64.Build.0 = Release|x64
		{A2DE3385-6EC6-4172-ACFF-6B64DAF34FCB}.Release|x64.Deploy.0 = Release|x64
		{A2DE3385-6EC6-4172-ACFF-6B64DAF34FCB}.Release|x86.ActiveCfg = Release|x86
		{A2DE3385-6EC6-4172-ACFF-6B64DAF34FCB}.Release|x86.Build.0 = Release|x86
		{A2DE3385-6EC6-4172-ACFF-6B64DAF34FCB}.Release|x86.Deploy.0 = Release|x86
	EndGlobalSection
	GlobalSection(SolutionProperties) = preSolution
		HideSolutionNode = FALSE
	EndGlobalSection
	GlobalSection(ExtensibilityGlobals) = postSolution
		SolutionGuid = {F494AF84-94A5-41BE-A001-456C52046885}
	EndGlobalSection
EndGlobal
