
Microsoft Visual Studio Solution File, Format Version 12.00
# Visual Studio Version 17
VisualStudioVersion = 17.1.31911.260
MinimumVisualStudioVersion = 10.0.40219.1
Project("{9A19103F-16F7-4668-BE54-9A1E7A4F7556}") = "Avalonia.Markup.Declarative", "Avalonia.Markup.Declarative\Avalonia.Markup.Declarative.csproj", "{5B5C0172-0B35-470A-9A65-4679E6028454}"
EndProject
Project("{9A19103F-16F7-4668-BE54-9A1E7A4F7556}") = "AvaloniaExtensionGenerator", "AvaloniaExtensionGenerator\AvaloniaExtensionGenerator.csproj", "{5183B326-2752-4CA5-A233-D9F5B83324DF}"
EndProject
Project("{9A19103F-16F7-4668-BE54-9A1E7A4F7556}") = "AvaloniaMarkupSample", "Samples\AvaloniaMarkupSample\AvaloniaMarkupSample.csproj", "{612D87E7-CF30-4E08-A7C3-AF4482924EBC}"
EndProject
Project("{9A19103F-16F7-4668-BE54-9A1E7A4F7556}") = "MvuTemplate", "Samples\MvuTemplate\MvuTemplate.csproj", "{43B91641-30D5-448A-A996-16DFB85B7262}"
EndProject
Project("{9A19103F-16F7-4668-BE54-9A1E7A4F7556}") = "Avalonia.Markup.Declarative.SourceGenerator", "Avalonia.Markup.Declarative.SourceGenerator\Avalonia.Markup.Declarative.SourceGenerator.csproj", "{66115820-E3EB-45E2-A45C-AD79652CA3A8}"
EndProject
Project("{2150E333-8FDC-42A3-9474-1A3956D46DE8}") = "Samples", "Samples", "{0A80E8C8-B71D-4616-AF4F-B2C70536E61F}"
EndProject
Project("{9A19103F-16F7-4668-BE54-9A1E7A4F7556}") = "AvaloniaImgTool", "Samples\AvaloniaImgTool\AvaloniaImgTool.csproj", "{73244261-C745-4EE2-A9B0-C168232705D1}"
EndProject
Project("{2150E333-8FDC-42A3-9474-1A3956D46DE8}") = "Global", "Global", "{2495724C-3E46-4375-B547-AFC84BCAEFC5}"
	ProjectSection(SolutionItems) = preProject
		..\global.json = ..\global.json
	EndProjectSection
EndProject
Global
	GlobalSection(SolutionConfigurationPlatforms) = preSolution
		Debug|Any CPU = Debug|Any CPU
		Release|Any CPU = Release|Any CPU
	EndGlobalSection
	GlobalSection(ProjectConfigurationPlatforms) = postSolution
		{5B5C0172-0B35-470A-9A65-4679E6028454}.Debug|Any CPU.ActiveCfg = Debug|Any CPU
		{5B5C0172-0B35-470A-9A65-4679E6028454}.Debug|Any CPU.Build.0 = Debug|Any CPU
		{5B5C0172-0B35-470A-9A65-4679E6028454}.Release|Any CPU.ActiveCfg = Release|Any CPU
		{5B5C0172-0B35-470A-9A65-4679E6028454}.Release|Any CPU.Build.0 = Release|Any CPU
		{5183B326-2752-4CA5-A233-D9F5B83324DF}.Debug|Any CPU.ActiveCfg = Debug|Any CPU
		{5183B326-2752-4CA5-A233-D9F5B83324DF}.Debug|Any CPU.Build.0 = Debug|Any CPU
		{5183B326-2752-4CA5-A233-D9F5B83324DF}.Release|Any CPU.ActiveCfg = Release|Any CPU
		{5183B326-2752-4CA5-A233-D9F5B83324DF}.Release|Any CPU.Build.0 = Release|Any CPU
		{612D87E7-CF30-4E08-A7C3-AF4482924EBC}.Debug|Any CPU.ActiveCfg = Debug|Any CPU
		{612D87E7-CF30-4E08-A7C3-AF4482924EBC}.Debug|Any CPU.Build.0 = Debug|Any CPU
		{612D87E7-CF30-4E08-A7C3-AF4482924EBC}.Release|Any CPU.ActiveCfg = Release|Any CPU
		{612D87E7-CF30-4E08-A7C3-AF4482924EBC}.Release|Any CPU.Build.0 = Release|Any CPU
		{43B91641-30D5-448A-A996-16DFB85B7262}.Debug|Any CPU.ActiveCfg = Debug|Any CPU
		{43B91641-30D5-448A-A996-16DFB85B7262}.Debug|Any CPU.Build.0 = Debug|Any CPU
		{43B91641-30D5-448A-A996-16DFB85B7262}.Release|Any CPU.ActiveCfg = Release|Any CPU
		{43B91641-30D5-448A-A996-16DFB85B7262}.Release|Any CPU.Build.0 = Release|Any CPU
		{66115820-E3EB-45E2-A45C-AD79652CA3A8}.Debug|Any CPU.ActiveCfg = Debug|Any CPU
		{66115820-E3EB-45E2-A45C-AD79652CA3A8}.Debug|Any CPU.Build.0 = Debug|Any CPU
		{66115820-E3EB-45E2-A45C-AD79652CA3A8}.Release|Any CPU.ActiveCfg = Release|Any CPU
		{66115820-E3EB-45E2-A45C-AD79652CA3A8}.Release|Any CPU.Build.0 = Release|Any CPU
		{73244261-C745-4EE2-A9B0-C168232705D1}.Debug|Any CPU.ActiveCfg = Debug|Any CPU
		{73244261-C745-4EE2-A9B0-C168232705D1}.Debug|Any CPU.Build.0 = Debug|Any CPU
		{73244261-C745-4EE2-A9B0-C168232705D1}.Release|Any CPU.ActiveCfg = Release|Any CPU
		{73244261-C745-4EE2-A9B0-C168232705D1}.Release|Any CPU.Build.0 = Release|Any CPU
	EndGlobalSection
	GlobalSection(SolutionProperties) = preSolution
		HideSolutionNode = FALSE
	EndGlobalSection
	GlobalSection(NestedProjects) = preSolution
		{612D87E7-CF30-4E08-A7C3-AF4482924EBC} = {0A80E8C8-B71D-4616-AF4F-B2C70536E61F}
		{43B91641-30D5-448A-A996-16DFB85B7262} = {0A80E8C8-B71D-4616-AF4F-B2C70536E61F}
		{73244261-C745-4EE2-A9B0-C168232705D1} = {0A80E8C8-B71D-4616-AF4F-B2C70536E61F}
	EndGlobalSection
	GlobalSection(ExtensibilityGlobals) = postSolution
		SolutionGuid = {A52A1772-62A5-484B-8A6D-09674800867E}
	EndGlobalSection
EndGlobal
